PODS:
  - Alamofire (4.2.0)
  - Gloss (1.1.1)
  - Realm (2.1.2):
    - Realm/Headers (= 2.1.2)
  - Realm/Headers (2.1.2)
  - RealmSwift (2.1.2):
    - Realm (= 2.1.2)

DEPENDENCIES:
  - Alamofire (~> 4.0)
  - Gloss (~> 1.1)
  - RealmSwift

SPEC CHECKSUMS:
  Alamofire: aa2e09d871c9160ac53c90e83c68064a94e3dfbe
  Gloss: 4a892694cba7387efa4102a51f86110651366b18
  Realm: efe855f4d977c8ce5a82d3116d9f1ff155a6550c
  RealmSwift: 17d6ee30b6f9df86364408c2197492e33bfea567

PODFILE CHECKSUM: b00875957354579cce7232c0d303c4ab0e06d99b

COCOAPODS: 1.1.1
